
Microsoft Visual Studio Solution File, Format Version 12.00
# Visual Studio Version 17
VisualStudioVersion = 17.0.31423.177
MinimumVisualStudioVersion = 10.0.40219.1
Project("{9A19103F-16F7-4668-BE54-9A1E7A4F7556}") = "Aegir.Quote", "Aegir.Quote.csproj", "{338D52B2-6001-4194-B347-8D1A5408477F}"
EndProject
Global
	GlobalSection(SolutionConfigurationPlatforms) = preSolution
		Debug|Any CPU = Debug|Any CPU
		Release|Any CPU = Release|Any CPU
	EndGlobalSection
	GlobalSection(ProjectConfigurationPlatforms) = postSolution
		{338D52B2-6001-4194-B347-8D1A5408477F}.Debug|Any CPU.ActiveCfg = Debug|Any CPU
		{338D52B2-6001-4194-B347-8D1A5408477F}.Debug|Any CPU.Build.0 = Debug|Any CPU
		{338D52B2-6001-4194-B347-8D1A5408477F}.Release|Any CPU.ActiveCfg = Release|Any CPU
		{338D52B2-6001-4194-B347-8D1A5408477F}.Release|Any CPU.Build.0 = Release|Any CPU
	EndGlobalSection
	GlobalSection(SolutionProperties) = preSolution
		HideSolutionNode = FALSE
	EndGlobalSection
	GlobalSection(ExtensibilityGlobals) = postSolution
		SolutionGuid = {8BE47067-FBA6-403D-B79A-84858D4BD6D1}
	EndGlobalSection
EndGlobal
